// !$*UTF8*$!
{
	archiveVersion = 1;
	classes = {
	};
	objectVersion = 48;
	objects = {

/* Begin PBXBuildFile section */
		56097CAA1FEB64A60090B7EC /* EasyImagy+Extension.swift in Sources */ = {isa = PBXBuildFile; fileRef = 56097CA91FEB64A60090B7EC /* EasyImagy+Extension.swift */; };
		56097CAD1FEB66780090B7EC /* SafeAreaLayoutGuideCompatible.swift in Sources */ = {isa = PBXBuildFile; fileRef = 56097CAC1FEB66780090B7EC /* SafeAreaLayoutGuideCompatible.swift */; };
		56689E5A1FDE1C750016D6A0 /* AppDelegate.swift in Sources */ = {isa = PBXBuildFile; fileRef = 56689E591FDE1C750016D6A0 /* AppDelegate.swift */; };
		56689E5C1FDE1C750016D6A0 /* ViewController.swift in Sources */ = {isa = PBXBuildFile; fileRef = 56689E5B1FDE1C750016D6A0 /* ViewController.swift */; };
		56689E5F1FDE1C750016D6A0 /* Main.storyboard in Resources */ = {isa = PBXBuildFile; fileRef = 56689E5D1FDE1C750016D6A0 /* Main.storyboard */; };
		56689E611FDE1C750016D6A0 /* Assets.xcassets in Resources */ = {isa = PBXBuildFile; fileRef = 56689E601FDE1C750016D6A0 /* Assets.xcassets */; };
		56689E641FDE1C750016D6A0 /* LaunchScreen.storyboard in Resources */ = {isa = PBXBuildFile; fileRef = 56689E621FDE1C750016D6A0 /* LaunchScreen.storyboard */; };
		56689E6F1FDE1C750016D6A0 /* CoreImageSampleTests.swift in Sources */ = {isa = PBXBuildFile; fileRef = 56689E6E1FDE1C750016D6A0 /* CoreImageSampleTests.swift */; };
		56689E831FDE1CC90016D6A0 /* UIView+Extension.swift in Sources */ = {isa = PBXBuildFile; fileRef = 56689E7C1FDE1CC90016D6A0 /* UIView+Extension.swift */; };
		56689E841FDE1CC90016D6A0 /* CGPoint+Extension.swift in Sources */ = {isa = PBXBuildFile; fileRef = 56689E7D1FDE1CC90016D6A0 /* CGPoint+Extension.swift */; };
		56689E851FDE1CC90016D6A0 /* CGSize+Extension.swift in Sources */ = {isa = PBXBuildFile; fileRef = 56689E7E1FDE1CC90016D6A0 /* CGSize+Extension.swift */; };
		56689E861FDE1CC90016D6A0 /* Comparable+Extension.swift in Sources */ = {isa = PBXBuildFile; fileRef = 56689E7F1FDE1CC90016D6A0 /* Comparable+Extension.swift */; };
		56689E871FDE1CC90016D6A0 /* UIBezierPath+Extension.swift in Sources */ = {isa = PBXBuildFile; fileRef = 56689E801FDE1CC90016D6A0 /* UIBezierPath+Extension.swift */; };
		56689E881FDE1CC90016D6A0 /* UIImage+Extension.swift in Sources */ = {isa = PBXBuildFile; fileRef = 56689E811FDE1CC90016D6A0 /* UIImage+Extension.swift */; };
		56689E8B1FDE23D80016D6A0 /* CIImage+Extension.swift in Sources */ = {isa = PBXBuildFile; fileRef = 56689E8A1FDE23D80016D6A0 /* CIImage+Extension.swift */; };
		56689E8F1FDE416E0016D6A0 /* Lenna.png in Resources */ = {isa = PBXBuildFile; fileRef = 56689E8E1FDE416E0016D6A0 /* Lenna.png */; };
		56689E911FDE553E0016D6A0 /* CIFilter+Extension.swift in Sources */ = {isa = PBXBuildFile; fileRef = 56689E901FDE553E0016D6A0 /* CIFilter+Extension.swift */; };
		56689E941FDE798A0016D6A0 /* QrCodeGenerator.swift in Sources */ = {isa = PBXBuildFile; fileRef = 56689E931FDE798A0016D6A0 /* QrCodeGenerator.swift */; };
		56689E961FDE92B70016D6A0 /* CIFilter+Extension_generated.swift in Sources */ = {isa = PBXBuildFile; fileRef = 56689E951FDE92B70016D6A0 /* CIFilter+Extension_generated.swift */; };
		566977EE202422F20098B7B7 /* BitmapImage.swift in Sources */ = {isa = PBXBuildFile; fileRef = 566977ED202422F20098B7B7 /* BitmapImage.swift */; };
		569AED80205FC077009AFE1A /* MicroPaintViewController.swift in Sources */ = {isa = PBXBuildFile; fileRef = 569AED7F205FC077009AFE1A /* MicroPaintViewController.swift */; };
		569AED83205FC159009AFE1A /* CIMicroPaintView.swift in Sources */ = {isa = PBXBuildFile; fileRef = 569AED82205FC159009AFE1A /* CIMicroPaintView.swift */; };
		569AED85205FC1C0009AFE1A /* SampleCIView.swift in Sources */ = {isa = PBXBuildFile; fileRef = 569AED84205FC1C0009AFE1A /* SampleCIView.swift */; };
		569AED8720635C35009AFE1A /* FaceRecognitionViewController.swift in Sources */ = {isa = PBXBuildFile; fileRef = 569AED8620635C35009AFE1A /* FaceRecognitionViewController.swift */; };
		56CCFF431FE2152500A2FDEE /* EasyImagy.framework in Frameworks */ = {isa = PBXBuildFile; fileRef = 56CCFF421FE2152500A2FDEE /* EasyImagy.framework */; };
		56CCFF461FE216B700A2FDEE /* sample.PNG in Resources */ = {isa = PBXBuildFile; fileRef = 56CCFF451FE216B700A2FDEE /* sample.PNG */; };
		56D3F9181FDE97800028344C /* CGImage+Extension.swift in Sources */ = {isa = PBXBuildFile; fileRef = 56D3F9171FDE97800028344C /* CGImage+Extension.swift */; };
		56D3F91F1FE0BDD00028344C /* CodePrinter.swift in Sources */ = {isa = PBXBuildFile; fileRef = 56D3F91E1FE0BDD00028344C /* CodePrinter.swift */; };
		56D3F9221FE101DC0028344C /* CameraViewController.swift in Sources */ = {isa = PBXBuildFile; fileRef = 56D3F9211FE101DC0028344C /* CameraViewController.swift */; };
		E958AFD91FF7A5D300A435CA /* AVCaptureVideoOrientation+Extension.swift in Sources */ = {isa = PBXBuildFile; fileRef = E958AFD81FF7A5D300A435CA /* AVCaptureVideoOrientation+Extension.swift */; };
		E958AFDB1FF7A61600A435CA /* CaptureVideoPreviewView.swift in Sources */ = {isa = PBXBuildFile; fileRef = E958AFDA1FF7A61600A435CA /* CaptureVideoPreviewView.swift */; };
		E958AFDD1FF7A65700A435CA /* AVCaptureDevice+Extension.swift in Sources */ = {isa = PBXBuildFile; fileRef = E958AFDC1FF7A65700A435CA /* AVCaptureDevice+Extension.swift */; };
		E958AFDF1FF7A68700A435CA /* CaptureDevice.swift in Sources */ = {isa = PBXBuildFile; fileRef = E958AFDE1FF7A68700A435CA /* CaptureDevice.swift */; };
		E99BB2511FFE5786006043F3 /* CanvasViewController.swift in Sources */ = {isa = PBXBuildFile; fileRef = E99BB2501FFE5786006043F3 /* CanvasViewController.swift */; };
		E99BB2541FFE81C3006043F3 /* DrawGestureRecognizer.swift in Sources */ = {isa = PBXBuildFile; fileRef = E99BB2531FFE81C3006043F3 /* DrawGestureRecognizer.swift */; };
		E99BB2561FFE86A8006043F3 /* CGRect+Extension.swift in Sources */ = {isa = PBXBuildFile; fileRef = E99BB2551FFE86A8006043F3 /* CGRect+Extension.swift */; };
		E99BB2581FFF55CB006043F3 /* Array+Extension.swift in Sources */ = {isa = PBXBuildFile; fileRef = E99BB2571FFF55CB006043F3 /* Array+Extension.swift */; };
		E99BB25B2000A4E7006043F3 /* Rgba.swift in Sources */ = {isa = PBXBuildFile; fileRef = E99BB25A2000A4E7006043F3 /* Rgba.swift */; };
/* End PBXBuildFile section */

/* Begin PBXContainerItemProxy section */
		56689E6B1FDE1C750016D6A0 /* PBXContainerItemProxy */ = {
			isa = PBXContainerItemProxy;
			containerPortal = 56689E4E1FDE1C750016D6A0 /* Project object */;
			proxyType = 1;
			remoteGlobalIDString = 56689E551FDE1C750016D6A0;
			remoteInfo = CoreImageSample;
		};
/* End PBXContainerItemProxy section */

/* Begin PBXFileReference section */
		56097CA91FEB64A60090B7EC /* EasyImagy+Extension.swift */ = {isa = PBXFileReference; lastKnownFileType = sourcecode.swift; path = "EasyImagy+Extension.swift"; sourceTree = "<group>"; };
		56097CAC1FEB66780090B7EC /* SafeAreaLayoutGuideCompatible.swift */ = {isa = PBXFileReference; lastKnownFileType = sourcecode.swift; path = SafeAreaLayoutGuideCompatible.swift; sourceTree = "<group>"; };
		56689E561FDE1C750016D6A0 /* CoreImageSample.app */ = {isa = PBXFileReference; explicitFileType = wrapper.application; includeInIndex = 0; path = CoreImageSample.app; sourceTree = BUILT_PRODUCTS_DIR; };
		56689E591FDE1C750016D6A0 /* AppDelegate.swift */ = {isa = PBXFileReference; lastKnownFileType = sourcecode.swift; path = AppDelegate.swift; sourceTree = "<group>"; };
		56689E5B1FDE1C750016D6A0 /* ViewController.swift */ = {isa = PBXFileReference; lastKnownFileType = sourcecode.swift; path = ViewController.swift; sourceTree = "<group>"; };
		56689E5E1FDE1C750016D6A0 /* Base */ = {isa = PBXFileReference; lastKnownFileType = file.storyboard; name = Base; path = Base.lproj/Main.storyboard; sourceTree = "<group>"; };
		56689E601FDE1C750016D6A0 /* Assets.xcassets */ = {isa = PBXFileReference; lastKnownFileType = folder.assetcatalog; path = Assets.xcassets; sourceTree = "<group>"; };
		56689E631FDE1C750016D6A0 /* Base */ = {isa = PBXFileReference; lastKnownFileType = file.storyboard; name = Base; path = Base.lproj/LaunchScreen.storyboard; sourceTree = "<group>"; };
		56689E651FDE1C750016D6A0 /* Info.plist */ = {isa = PBXFileReference; lastKnownFileType = text.plist.xml; path = Info.plist; sourceTree = "<group>"; };
		56689E6A1FDE1C750016D6A0 /* CoreImageSampleTests.xctest */ = {isa = PBXFileReference; explicitFileType = wrapper.cfbundle; includeInIndex = 0; path = CoreImageSampleTests.xctest; sourceTree = BUILT_PRODUCTS_DIR; };
		56689E6E1FDE1C750016D6A0 /* CoreImageSampleTests.swift */ = {isa = PBXFileReference; lastKnownFileType = sourcecode.swift; path = CoreImageSampleTests.swift; sourceTree = "<group>"; };
		56689E701FDE1C750016D6A0 /* Info.plist */ = {isa = PBXFileReference; lastKnownFileType = text.plist.xml; path = Info.plist; sourceTree = "<group>"; };
		56689E7C1FDE1CC90016D6A0 /* UIView+Extension.swift */ = {isa = PBXFileReference; fileEncoding = 4; lastKnownFileType = sourcecode.swift; path = "UIView+Extension.swift"; sourceTree = "<group>"; };
		56689E7D1FDE1CC90016D6A0 /* CGPoint+Extension.swift */ = {isa = PBXFileReference; fileEncoding = 4; lastKnownFileType = sourcecode.swift; path = "CGPoint+Extension.swift"; sourceTree = "<group>"; };
		56689E7E1FDE1CC90016D6A0 /* CGSize+Extension.swift */ = {isa = PBXFileReference; fileEncoding = 4; lastKnownFileType = sourcecode.swift; path = "CGSize+Extension.swift"; sourceTree = "<group>"; };
		56689E7F1FDE1CC90016D6A0 /* Comparable+Extension.swift */ = {isa = PBXFileReference; fileEncoding = 4; lastKnownFileType = sourcecode.swift; path = "Comparable+Extension.swift"; sourceTree = "<group>"; };
		56689E801FDE1CC90016D6A0 /* UIBezierPath+Extension.swift */ = {isa = PBXFileReference; fileEncoding = 4; lastKnownFileType = sourcecode.swift; path = "UIBezierPath+Extension.swift"; sourceTree = "<group>"; };
		56689E811FDE1CC90016D6A0 /* UIImage+Extension.swift */ = {isa = PBXFileReference; fileEncoding = 4; lastKnownFileType = sourcecode.swift; path = "UIImage+Extension.swift"; sourceTree = "<group>"; };
		56689E8A1FDE23D80016D6A0 /* CIImage+Extension.swift */ = {isa = PBXFileReference; lastKnownFileType = sourcecode.swift; path = "CIImage+Extension.swift"; sourceTree = "<group>"; };
		56689E8E1FDE416E0016D6A0 /* Lenna.png */ = {isa = PBXFileReference; lastKnownFileType = image.png; path = Lenna.png; sourceTree = "<group>"; };
		56689E901FDE553E0016D6A0 /* CIFilter+Extension.swift */ = {isa = PBXFileReference; lastKnownFileType = sourcecode.swift; path = "CIFilter+Extension.swift"; sourceTree = "<group>"; };
		56689E931FDE798A0016D6A0 /* QrCodeGenerator.swift */ = {isa = PBXFileReference; lastKnownFileType = sourcecode.swift; path = QrCodeGenerator.swift; sourceTree = "<group>"; };
		56689E951FDE92B70016D6A0 /* CIFilter+Extension_generated.swift */ = {isa = PBXFileReference; lastKnownFileType = sourcecode.swift; path = "CIFilter+Extension_generated.swift"; sourceTree = "<group>"; };
		566977ED202422F20098B7B7 /* BitmapImage.swift */ = {isa = PBXFileReference; lastKnownFileType = sourcecode.swift; path = BitmapImage.swift; sourceTree = "<group>"; };
		569AED7F205FC077009AFE1A /* MicroPaintViewController.swift */ = {isa = PBXFileReference; lastKnownFileType = sourcecode.swift; path = MicroPaintViewController.swift; sourceTree = "<group>"; };
		569AED82205FC159009AFE1A /* CIMicroPaintView.swift */ = {isa = PBXFileReference; lastKnownFileType = sourcecode.swift; path = CIMicroPaintView.swift; sourceTree = "<group>"; };
		569AED84205FC1C0009AFE1A /* SampleCIView.swift */ = {isa = PBXFileReference; lastKnownFileType = sourcecode.swift; path = SampleCIView.swift; sourceTree = "<group>"; };
		569AED8620635C35009AFE1A /* FaceRecognitionViewController.swift */ = {isa = PBXFileReference; lastKnownFileType = sourcecode.swift; path = FaceRecognitionViewController.swift; sourceTree = "<group>"; };
		56CCFF421FE2152500A2FDEE /* EasyImagy.framework */ = {isa = PBXFileReference; lastKnownFileType = wrapper.framework; name = EasyImagy.framework; path = Carthage/Build/iOS/EasyImagy.framework; sourceTree = "<group>"; };
		56CCFF451FE216B700A2FDEE /* sample.PNG */ = {isa = PBXFileReference; lastKnownFileType = image.png; path = sample.PNG; sourceTree = "<group>"; };
		56D3F9171FDE97800028344C /* CGImage+Extension.swift */ = {isa = PBXFileReference; lastKnownFileType = sourcecode.swift; path = "CGImage+Extension.swift"; sourceTree = "<group>"; };
		56D3F91E1FE0BDD00028344C /* CodePrinter.swift */ = {isa = PBXFileReference; lastKnownFileType = sourcecode.swift; path = CodePrinter.swift; sourceTree = "<group>"; };
		56D3F9211FE101DC0028344C /* CameraViewController.swift */ = {isa = PBXFileReference; lastKnownFileType = sourcecode.swift; path = CameraViewController.swift; sourceTree = "<group>"; };
		E958AFD81FF7A5D300A435CA /* AVCaptureVideoOrientation+Extension.swift */ = {isa = PBXFileReference; lastKnownFileType = sourcecode.swift; path = "AVCaptureVideoOrientation+Extension.swift"; sourceTree = "<group>"; };
		E958AFDA1FF7A61600A435CA /* CaptureVideoPreviewView.swift */ = {isa = PBXFileReference; lastKnownFileType = sourcecode.swift; path = CaptureVideoPreviewView.swift; sourceTree = "<group>"; };
		E958AFDC1FF7A65700A435CA /* AVCaptureDevice+Extension.swift */ = {isa = PBXFileReference; lastKnownFileType = sourcecode.swift; path = "AVCaptureDevice+Extension.swift"; sourceTree = "<group>"; };
		E958AFDE1FF7A68700A435CA /* CaptureDevice.swift */ = {isa = PBXFileReference; lastKnownFileType = sourcecode.swift; path = CaptureDevice.swift; sourceTree = "<group>"; };
		E99BB2501FFE5786006043F3 /* CanvasViewController.swift */ = {isa = PBXFileReference; lastKnownFileType = sourcecode.swift; path = CanvasViewController.swift; sourceTree = "<group>"; };
		E99BB2531FFE81C3006043F3 /* DrawGestureRecognizer.swift */ = {isa = PBXFileReference; lastKnownFileType = sourcecode.swift; path = DrawGestureRecognizer.swift; sourceTree = "<group>"; };
		E99BB2551FFE86A8006043F3 /* CGRect+Extension.swift */ = {isa = PBXFileReference; lastKnownFileType = sourcecode.swift; path = "CGRect+Extension.swift"; sourceTree = "<group>"; };
		E99BB2571FFF55CB006043F3 /* Array+Extension.swift */ = {isa = PBXFileReference; lastKnownFileType = sourcecode.swift; path = "Array+Extension.swift"; sourceTree = "<group>"; };
		E99BB25A2000A4E7006043F3 /* Rgba.swift */ = {isa = PBXFileReference; lastKnownFileType = sourcecode.swift; path = Rgba.swift; sourceTree = "<group>"; };
/* End PBXFileReference section */

/* Begin PBXFrameworksBuildPhase section */
		56689E531FDE1C750016D6A0 /* Frameworks */ = {
			isa = PBXFrameworksBuildPhase;
			buildActionMask = 2147483647;
			files = (
				56CCFF431FE2152500A2FDEE /* EasyImagy.framework in Frameworks */,
			);
			runOnlyForDeploymentPostprocessing = 0;
		};
		56689E671FDE1C750016D6A0 /* Frameworks */ = {
			isa = PBXFrameworksBuildPhase;
			buildActionMask = 2147483647;
			files = (
			);
			runOnlyForDeploymentPostprocessing = 0;
		};
/* End PBXFrameworksBuildPhase section */

/* Begin PBXGroup section */
		56097CA81FEB648E0090B7EC /* Frameworks */ = {
			isa = PBXGroup;
			children = (
				56097CA91FEB64A60090B7EC /* EasyImagy+Extension.swift */,
			);
			path = Frameworks;
			sourceTree = "<group>";
		};
		56689E4D1FDE1C750016D6A0 = {
			isa = PBXGroup;
			children = (
				56689E581FDE1C750016D6A0 /* CoreImageSample */,
				56689E6D1FDE1C750016D6A0 /* CoreImageSampleTests */,
				56689E571FDE1C750016D6A0 /* Products */,
				56CCFF411FE2152500A2FDEE /* Frameworks */,
			);
			sourceTree = "<group>";
		};
		56689E571FDE1C750016D6A0 /* Products */ = {
			isa = PBXGroup;
			children = (
				56689E561FDE1C750016D6A0 /* CoreImageSample.app */,
				56689E6A1FDE1C750016D6A0 /* CoreImageSampleTests.xctest */,
			);
			name = Products;
			sourceTree = "<group>";
		};
		56689E581FDE1C750016D6A0 /* CoreImageSample */ = {
			isa = PBXGroup;
			children = (
				56689E791FDE1C7E0016D6A0 /* Common */,
				56689E7B1FDE1C9C0016D6A0 /* App */,
			);
			path = CoreImageSample;
			sourceTree = "<group>";
		};
		56689E6D1FDE1C750016D6A0 /* CoreImageSampleTests */ = {
			isa = PBXGroup;
			children = (
				56689E6E1FDE1C750016D6A0 /* CoreImageSampleTests.swift */,
				56689E701FDE1C750016D6A0 /* Info.plist */,
			);
			path = CoreImageSampleTests;
			sourceTree = "<group>";
		};
		56689E791FDE1C7E0016D6A0 /* Common */ = {
			isa = PBXGroup;
			children = (
				E99BB2521FFE81AD006043F3 /* DrawGestureRecognizer */,
				56D3F91D1FE0BDC10028344C /* CodePrinter */,
				56689E921FDE79770016D6A0 /* QrCodeGenerator */,
				56689E7A1FDE1C860016D6A0 /* Extension */,
				56097CAC1FEB66780090B7EC /* SafeAreaLayoutGuideCompatible.swift */,
			);
			path = Common;
			sourceTree = "<group>";
		};
		56689E7A1FDE1C860016D6A0 /* Extension */ = {
			isa = PBXGroup;
			children = (
				56097CA81FEB648E0090B7EC /* Frameworks */,
				56D3F91C1FDE987A0028344C /* Foundation */,
				56D3F91B1FDE98690028344C /* UIKit */,
				56D3F91A1FDE98520028344C /* CoreGraphics */,
				56D3F9191FDE98380028344C /* CoreImage */,
			);
			path = Extension;
			sourceTree = "<group>";
		};
		56689E7B1FDE1C9C0016D6A0 /* App */ = {
			isa = PBXGroup;
			children = (
				569AED8820635C3B009AFE1A /* FaceRecognition */,
				E99BB2592000A4DA006043F3 /* Model */,
				E99BB24F1FFE575F006043F3 /* Canvas */,
				E958AFD71FF7A5AC00A435CA /* Camera */,
				56D3F9201FE101BE0028344C /* ViewController */,
				56689E8C1FDE41560016D6A0 /* Resource */,
				56689E591FDE1C750016D6A0 /* AppDelegate.swift */,
				56689E5D1FDE1C750016D6A0 /* Main.storyboard */,
				56689E601FDE1C750016D6A0 /* Assets.xcassets */,
				56689E621FDE1C750016D6A0 /* LaunchScreen.storyboard */,
				56689E651FDE1C750016D6A0 /* Info.plist */,
			);
			path = App;
			sourceTree = "<group>";
		};
		56689E8C1FDE41560016D6A0 /* Resource */ = {
			isa = PBXGroup;
			children = (
				56689E8D1FDE415D0016D6A0 /* Image */,
			);
			path = Resource;
			sourceTree = "<group>";
		};
		56689E8D1FDE415D0016D6A0 /* Image */ = {
			isa = PBXGroup;
			children = (
				56CCFF451FE216B700A2FDEE /* sample.PNG */,
				56689E8E1FDE416E0016D6A0 /* Lenna.png */,
			);
			path = Image;
			sourceTree = "<group>";
		};
		56689E921FDE79770016D6A0 /* QrCodeGenerator */ = {
			isa = PBXGroup;
			children = (
				56689E931FDE798A0016D6A0 /* QrCodeGenerator.swift */,
			);
			path = QrCodeGenerator;
			sourceTree = "<group>";
		};
		569AED81205FC0D0009AFE1A /* MicroPaint */ = {
			isa = PBXGroup;
			children = (
				569AED7F205FC077009AFE1A /* MicroPaintViewController.swift */,
				569AED82205FC159009AFE1A /* CIMicroPaintView.swift */,
				569AED84205FC1C0009AFE1A /* SampleCIView.swift */,
			);
			path = MicroPaint;
			sourceTree = "<group>";
		};
		569AED8820635C3B009AFE1A /* FaceRecognition */ = {
			isa = PBXGroup;
			children = (
				569AED8620635C35009AFE1A /* FaceRecognitionViewController.swift */,
			);
			path = FaceRecognition;
			sourceTree = "<group>";
		};
		56CCFF411FE2152500A2FDEE /* Frameworks */ = {
			isa = PBXGroup;
			children = (
				56CCFF421FE2152500A2FDEE /* EasyImagy.framework */,
			);
			name = Frameworks;
			sourceTree = "<group>";
		};
		56D3F9191FDE98380028344C /* CoreImage */ = {
			isa = PBXGroup;
			children = (
				56689E8A1FDE23D80016D6A0 /* CIImage+Extension.swift */,
				56689E901FDE553E0016D6A0 /* CIFilter+Extension.swift */,
				56689E951FDE92B70016D6A0 /* CIFilter+Extension_generated.swift */,
			);
			path = CoreImage;
			sourceTree = "<group>";
		};
		56D3F91A1FDE98520028344C /* CoreGraphics */ = {
			isa = PBXGroup;
			children = (
				56D3F9171FDE97800028344C /* CGImage+Extension.swift */,
				56689E7E1FDE1CC90016D6A0 /* CGSize+Extension.swift */,
				56689E7D1FDE1CC90016D6A0 /* CGPoint+Extension.swift */,
				E99BB2551FFE86A8006043F3 /* CGRect+Extension.swift */,
			);
			path = CoreGraphics;
			sourceTree = "<group>";
		};
		56D3F91B1FDE98690028344C /* UIKit */ = {
			isa = PBXGroup;
			children = (
				56689E7C1FDE1CC90016D6A0 /* UIView+Extension.swift */,
				56689E811FDE1CC90016D6A0 /* UIImage+Extension.swift */,
				56689E801FDE1CC90016D6A0 /* UIBezierPath+Extension.swift */,
			);
			path = UIKit;
			sourceTree = "<group>";
		};
		56D3F91C1FDE987A0028344C /* Foundation */ = {
			isa = PBXGroup;
			children = (
				56689E7F1FDE1CC90016D6A0 /* Comparable+Extension.swift */,
				E99BB2571FFF55CB006043F3 /* Array+Extension.swift */,
			);
			path = Foundation;
			sourceTree = "<group>";
		};
		56D3F91D1FE0BDC10028344C /* CodePrinter */ = {
			isa = PBXGroup;
			children = (
				56D3F91E1FE0BDD00028344C /* CodePrinter.swift */,
			);
			path = CodePrinter;
			sourceTree = "<group>";
		};
		56D3F9201FE101BE0028344C /* ViewController */ = {
			isa = PBXGroup;
			children = (
				569AED81205FC0D0009AFE1A /* MicroPaint */,
				56689E5B1FDE1C750016D6A0 /* ViewController.swift */,
			);
			path = ViewController;
			sourceTree = "<group>";
		};
		E958AFD71FF7A5AC00A435CA /* Camera */ = {
			isa = PBXGroup;
			children = (
				56D3F9211FE101DC0028344C /* CameraViewController.swift */,
				E958AFD81FF7A5D300A435CA /* AVCaptureVideoOrientation+Extension.swift */,
				E958AFDA1FF7A61600A435CA /* CaptureVideoPreviewView.swift */,
				E958AFDC1FF7A65700A435CA /* AVCaptureDevice+Extension.swift */,
				E958AFDE1FF7A68700A435CA /* CaptureDevice.swift */,
			);
			path = Camera;
			sourceTree = "<group>";
		};
		E99BB24F1FFE575F006043F3 /* Canvas */ = {
			isa = PBXGroup;
			children = (
				E99BB2501FFE5786006043F3 /* CanvasViewController.swift */,
			);
			path = Canvas;
			sourceTree = "<group>";
		};
		E99BB2521FFE81AD006043F3 /* DrawGestureRecognizer */ = {
			isa = PBXGroup;
			children = (
				E99BB2531FFE81C3006043F3 /* DrawGestureRecognizer.swift */,
			);
			path = DrawGestureRecognizer;
			sourceTree = "<group>";
		};
		E99BB2592000A4DA006043F3 /* Model */ = {
			isa = PBXGroup;
			children = (
				E99BB25A2000A4E7006043F3 /* Rgba.swift */,
				566977ED202422F20098B7B7 /* BitmapImage.swift */,
			);
			path = Model;
			sourceTree = "<group>";
		};
/* End PBXGroup section */

/* Begin PBXNativeTarget section */
		56689E551FDE1C750016D6A0 /* CoreImageSample */ = {
			isa = PBXNativeTarget;
			buildConfigurationList = 56689E731FDE1C750016D6A0 /* Build configuration list for PBXNativeTarget "CoreImageSample" */;
			buildPhases = (
				56689E521FDE1C750016D6A0 /* Sources */,
				56689E531FDE1C750016D6A0 /* Frameworks */,
				56689E541FDE1C750016D6A0 /* Resources */,
				56CCFF441FE2153600A2FDEE /* ShellScript */,
			);
			buildRules = (
			);
			dependencies = (
			);
			name = CoreImageSample;
			productName = CoreImageSample;
			productReference = 56689E561FDE1C750016D6A0 /* CoreImageSample.app */;
			productType = "com.apple.product-type.application";
		};
		56689E691FDE1C750016D6A0 /* CoreImageSampleTests */ = {
			isa = PBXNativeTarget;
			buildConfigurationList = 56689E761FDE1C750016D6A0 /* Build configuration list for PBXNativeTarget "CoreImageSampleTests" */;
			buildPhases = (
				56689E661FDE1C750016D6A0 /* Sources */,
				56689E671FDE1C750016D6A0 /* Frameworks */,
				56689E681FDE1C750016D6A0 /* Resources */,
			);
			buildRules = (
			);
			dependencies = (
				56689E6C1FDE1C750016D6A0 /* PBXTargetDependency */,
			);
			name = CoreImageSampleTests;
			productName = CoreImageSampleTests;
			productReference = 56689E6A1FDE1C750016D6A0 /* CoreImageSampleTests.xctest */;
			productType = "com.apple.product-type.bundle.unit-test";
		};
/* End PBXNativeTarget section */

/* Begin PBXProject section */
		56689E4E1FDE1C750016D6A0 /* Project object */ = {
			isa = PBXProject;
			attributes = {
				LastSwiftUpdateCheck = 0920;
				LastUpgradeCheck = 0920;
				ORGANIZATIONNAME = ha1f;
				TargetAttributes = {
					56689E551FDE1C750016D6A0 = {
						CreatedOnToolsVersion = 9.2;
						ProvisioningStyle = Automatic;
					};
					56689E691FDE1C750016D6A0 = {
						CreatedOnToolsVersion = 9.2;
						ProvisioningStyle = Automatic;
						TestTargetID = 56689E551FDE1C750016D6A0;
					};
				};
			};
			buildConfigurationList = 56689E511FDE1C750016D6A0 /* Build configuration list for PBXProject "CoreImageSample" */;
			compatibilityVersion = "Xcode 8.0";
			developmentRegion = en;
			hasScannedForEncodings = 0;
			knownRegions = (
				en,
				Base,
			);
			mainGroup = 56689E4D1FDE1C750016D6A0;
			productRefGroup = 56689E571FDE1C750016D6A0 /* Products */;
			projectDirPath = "";
			projectRoot = "";
			targets = (
				56689E551FDE1C750016D6A0 /* CoreImageSample */,
				56689E691FDE1C750016D6A0 /* CoreImageSampleTests */,
			);
		};
/* End PBXProject section */

/* Begin PBXResourcesBuildPhase section */
		56689E541FDE1C750016D6A0 /* Resources */ = {
			isa = PBXResourcesBuildPhase;
			buildActionMask = 2147483647;
			files = (
				56689E641FDE1C750016D6A0 /* LaunchScreen.storyboard in Resources */,
				56689E611FDE1C750016D6A0 /* Assets.xcassets in Resources */,
				56689E8F1FDE416E0016D6A0 /* Lenna.png in Resources */,
				56689E5F1FDE1C750016D6A0 /* Main.storyboard in Resources */,
				56CCFF461FE216B700A2FDEE /* sample.PNG in Resources */,
			);
			runOnlyForDeploymentPostprocessing = 0;
		};
		56689E681FDE1C750016D6A0 /* Resources */ = {
			isa = PBXResourcesBuildPhase;
			buildActionMask = 2147483647;
			files = (
			);
			runOnlyForDeploymentPostprocessing = 0;
		};
/* End PBXResourcesBuildPhase section */

/* Begin PBXShellScriptBuildPhase section */
		56CCFF441FE2153600A2FDEE /* ShellScript */ = {
			isa = PBXShellScriptBuildPhase;
			buildActionMask = 2147483647;
			files = (
			);
			inputPaths = (
				"$(SRCROOT)/Carthage/Build/iOS/EasyImagy.framework",
			);
			outputPaths = (
			);
			runOnlyForDeploymentPostprocessing = 0;
			shellPath = /bin/sh;
			shellScript = "/usr/local/bin/carthage copy-frameworks";
		};
/* End PBXShellScriptBuildPhase section */

/* Begin PBXSourcesBuildPhase section */
		56689E521FDE1C750016D6A0 /* Sources */ = {
			isa = PBXSourcesBuildPhase;
			buildActionMask = 2147483647;
			files = (
				E99BB2511FFE5786006043F3 /* CanvasViewController.swift in Sources */,
				E99BB25B2000A4E7006043F3 /* Rgba.swift in Sources */,
				56689E8B1FDE23D80016D6A0 /* CIImage+Extension.swift in Sources */,
				56097CAD1FEB66780090B7EC /* SafeAreaLayoutGuideCompatible.swift in Sources */,
				56689E831FDE1CC90016D6A0 /* UIView+Extension.swift in Sources */,
				56689E941FDE798A0016D6A0 /* QrCodeGenerator.swift in Sources */,
				56689E851FDE1CC90016D6A0 /* CGSize+Extension.swift in Sources */,
				E99BB2581FFF55CB006043F3 /* Array+Extension.swift in Sources */,
				56689E911FDE553E0016D6A0 /* CIFilter+Extension.swift in Sources */,
				56097CAA1FEB64A60090B7EC /* EasyImagy+Extension.swift in Sources */,
				56D3F91F1FE0BDD00028344C /* CodePrinter.swift in Sources */,
				E99BB2561FFE86A8006043F3 /* CGRect+Extension.swift in Sources */,
				56689E961FDE92B70016D6A0 /* CIFilter+Extension_generated.swift in Sources */,
				56689E5C1FDE1C750016D6A0 /* ViewController.swift in Sources */,
				56689E881FDE1CC90016D6A0 /* UIImage+Extension.swift in Sources */,
				56689E841FDE1CC90016D6A0 /* CGPoint+Extension.swift in Sources */,
				569AED83205FC159009AFE1A /* CIMicroPaintView.swift in Sources */,
				56689E5A1FDE1C750016D6A0 /* AppDelegate.swift in Sources */,
				569AED80205FC077009AFE1A /* MicroPaintViewController.swift in Sources */,
				E958AFDD1FF7A65700A435CA /* AVCaptureDevice+Extension.swift in Sources */,
				E958AFDB1FF7A61600A435CA /* CaptureVideoPreviewView.swift in Sources */,
				E958AFDF1FF7A68700A435CA /* CaptureDevice.swift in Sources */,
				56D3F9221FE101DC0028344C /* CameraViewController.swift in Sources */,
				566977EE202422F20098B7B7 /* BitmapImage.swift in Sources */,
				E958AFD91FF7A5D300A435CA /* AVCaptureVideoOrientation+Extension.swift in Sources */,
				569AED8720635C35009AFE1A /* FaceRecognitionViewController.swift in Sources */,
				E99BB2541FFE81C3006043F3 /* DrawGestureRecognizer.swift in Sources */,
				569AED85205FC1C0009AFE1A /* SampleCIView.swift in Sources */,
				56D3F9181FDE97800028344C /* CGImage+Extension.swift in Sources */,
				56689E861FDE1CC90016D6A0 /* Comparable+Extension.swift in Sources */,
				56689E871FDE1CC90016D6A0 /* UIBezierPath+Extension.swift in Sources */,
			);
			runOnlyForDeploymentPostprocessing = 0;
		};
		56689E661FDE1C750016D6A0 /* Sources */ = {
			isa = PBXSourcesBuildPhase;
			buildActionMask = 2147483647;
			files = (
				56689E6F1FDE1C750016D6A0 /* CoreImageSampleTests.swift in Sources */,
			);
			runOnlyForDeploymentPostprocessing = 0;
		};
/* End PBXSourcesBuildPhase section */

/* Begin PBXTargetDependency section */
		56689E6C1FDE1C750016D6A0 /* PBXTargetDependency */ = {
			isa = PBXTargetDependency;
			target = 56689E551FDE1C750016D6A0 /* CoreImageSample */;
			targetProxy = 56689E6B1FDE1C750016D6A0 /* PBXContainerItemProxy */;
		};
/* End PBXTargetDependency section */

/* Begin PBXVariantGroup section */
		56689E5D1FDE1C750016D6A0 /* Main.storyboard */ = {
			isa = PBXVariantGroup;
			children = (
				56689E5E1FDE1C750016D6A0 /* Base */,
			);
			name = Main.storyboard;
			sourceTree = "<group>";
		};
		56689E621FDE1C750016D6A0 /* LaunchScreen.storyboard */ = {
			isa = PBXVariantGroup;
			children = (
				56689E631FDE1C750016D6A0 /* Base */,
			);
			name = LaunchScreen.storyboard;
			sourceTree = "<group>";
		};
/* End PBXVariantGroup section */

/* Begin XCBuildConfiguration section */
		56689E711FDE1C750016D6A0 /* Debug */ = {
			isa = XCBuildConfiguration;
			buildSettings = {
				ALWAYS_SEARCH_USER_PATHS = NO;
				CLANG_ANALYZER_NONNULL = YES;
				CLANG_ANALYZER_NUMBER_OBJECT_CONVERSION = YES_AGGRESSIVE;
				CLANG_CXX_LANGUAGE_STANDARD = "gnu++14";
				CLANG_CXX_LIBRARY = "libc++";
				CLANG_ENABLE_MODULES = YES;
				CLANG_ENABLE_OBJC_ARC = YES;
				CLANG_WARN_BLOCK_CAPTURE_AUTORELEASING = YES;
				CLANG_WARN_BOOL_CONVERSION = YES;
				CLANG_WARN_COMMA = YES;
				CLANG_WARN_CONSTANT_CONVERSION = YES;
				CLANG_WARN_DIRECT_OBJC_ISA_USAGE = YES_ERROR;
				CLANG_WARN_DOCUMENTATION_COMMENTS = YES;
				CLANG_WARN_EMPTY_BODY = YES;
				CLANG_WARN_ENUM_CONVERSION = YES;
				CLANG_WARN_INFINITE_RECURSION = YES;
				CLANG_WARN_INT_CONVERSION = YES;
				CLANG_WARN_NON_LITERAL_NULL_CONVERSION = YES;
				CLANG_WARN_OBJC_LITERAL_CONVERSION = YES;
				CLANG_WARN_OBJC_ROOT_CLASS = YES_ERROR;
				CLANG_WARN_RANGE_LOOP_ANALYSIS = YES;
				CLANG_WARN_STRICT_PROTOTYPES = YES;
				CLANG_WARN_SUSPICIOUS_MOVE = YES;
				CLANG_WARN_UNGUARDED_AVAILABILITY = YES_AGGRESSIVE;
				CLANG_WARN_UNREACHABLE_CODE = YES;
				CLANG_WARN__DUPLICATE_METHOD_MATCH = YES;
				CODE_SIGN_IDENTITY = "iPhone Developer";
				COPY_PHASE_STRIP = NO;
				DEBUG_INFORMATION_FORMAT = dwarf;
				ENABLE_STRICT_OBJC_MSGSEND = YES;
				ENABLE_TESTABILITY = YES;
				GCC_C_LANGUAGE_STANDARD = gnu11;
				GCC_DYNAMIC_NO_PIC = NO;
				GCC_NO_COMMON_BLOCKS = YES;
				GCC_OPTIMIZATION_LEVEL = 0;
				GCC_PREPROCESSOR_DEFINITIONS = (
					"DEBUG=1",
					"$(inherited)",
				);
				GCC_WARN_64_TO_32_BIT_CONVERSION = YES;
				GCC_WARN_ABOUT_RETURN_TYPE = YES_ERROR;
				GCC_WARN_UNDECLARED_SELECTOR = YES;
				GCC_WARN_UNINITIALIZED_AUTOS = YES_AGGRESSIVE;
				GCC_WARN_UNUSED_FUNCTION = YES;
				GCC_WARN_UNUSED_VARIABLE = YES;
				IPHONEOS_DEPLOYMENT_TARGET = 10.0;
				MTL_ENABLE_DEBUG_INFO = YES;
				ONLY_ACTIVE_ARCH = YES;
				SDKROOT = iphoneos;
				SWIFT_ACTIVE_COMPILATION_CONDITIONS = DEBUG;
				SWIFT_OPTIMIZATION_LEVEL = "-Onone";
			};
			name = Debug;
		};
		56689E721FDE1C750016D6A0 /* Release */ = {
			isa = XCBuildConfiguration;
			buildSettings = {
				ALWAYS_SEARCH_USER_PATHS = NO;
				CLANG_ANALYZER_NONNULL = YES;
				CLANG_ANALYZER_NUMBER_OBJECT_CONVERSION = YES_AGGRESSIVE;
				CLANG_CXX_LANGUAGE_STANDARD = "gnu++14";
				CLANG_CXX_LIBRARY = "libc++";
				CLANG_ENABLE_MODULES = YES;
				CLANG_ENABLE_OBJC_ARC = YES;
				CLANG_WARN_BLOCK_CAPTURE_AUTORELEASING = YES;
				CLANG_WARN_BOOL_CONVERSION = YES;
				CLANG_WARN_COMMA = YES;
				CLANG_WARN_CONSTANT_CONVERSION = YES;
				CLANG_WARN_DIRECT_OBJC_ISA_USAGE = YES_ERROR;
				CLANG_WARN_DOCUMENTATION_COMMENTS = YES;
				CLANG_WARN_EMPTY_BODY = YES;
				CLANG_WARN_ENUM_CONVERSION = YES;
				CLANG_WARN_INFINITE_RECURSION = YES;
				CLANG_WARN_INT_CONVERSION = YES;
				CLANG_WARN_NON_LITERAL_NULL_CONVERSION = YES;
				CLANG_WARN_OBJC_LITERAL_CONVERSION = YES;
				CLANG_WARN_OBJC_ROOT_CLASS = YES_ERROR;
				CLANG_WARN_RANGE_LOOP_ANALYSIS = YES;
				CLANG_WARN_STRICT_PROTOTYPES = YES;
				CLANG_WARN_SUSPICIOUS_MOVE = YES;
				CLANG_WARN_UNGUARDED_AVAILABILITY = YES_AGGRESSIVE;
				CLANG_WARN_UNREACHABLE_CODE = YES;
				CLANG_WARN__DUPLICATE_METHOD_MATCH = YES;
				CODE_SIGN_IDENTITY = "iPhone Developer";
				COPY_PHASE_STRIP = NO;
				DEBUG_INFORMATION_FORMAT = "dwarf-with-dsym";
				ENABLE_NS_ASSERTIONS = NO;
				ENABLE_STRICT_OBJC_MSGSEND = YES;
				GCC_C_LANGUAGE_STANDARD = gnu11;
				GCC_NO_COMMON_BLOCKS = YES;
				GCC_WARN_64_TO_32_BIT_CONVERSION = YES;
				GCC_WARN_ABOUT_RETURN_TYPE = YES_ERROR;
				GCC_WARN_UNDECLARED_SELECTOR = YES;
				GCC_WARN_UNINITIALIZED_AUTOS = YES_AGGRESSIVE;
				GCC_WARN_UNUSED_FUNCTION = YES;
				GCC_WARN_UNUSED_VARIABLE = YES;
				IPHONEOS_DEPLOYMENT_TARGET = 10.0;
				MTL_ENABLE_DEBUG_INFO = NO;
				SDKROOT = iphoneos;
				SWIFT_OPTIMIZATION_LEVEL = "-Owholemodule";
				VALIDATE_PRODUCT = YES;
			};
			name = Release;
		};
		56689E741FDE1C750016D6A0 /* Debug */ = {
			isa = XCBuildConfiguration;
			buildSettings = {
				ASSETCATALOG_COMPILER_APPICON_NAME = AppIcon;
				CODE_SIGN_STYLE = Automatic;
				DEVELOPMENT_TEAM = V723YSJ67H;
				FRAMEWORK_SEARCH_PATHS = (
					"$(inherited)",
					"$(PROJECT_DIR)/Carthage/Build/iOS",
				);
				INFOPLIST_FILE = "$(SRCROOT)/CoreImageSample/App/Info.plist";
				LD_RUNPATH_SEARCH_PATHS = "$(inherited) @executable_path/Frameworks";
				PRODUCT_BUNDLE_IDENTIFIER = net.ha1f.CoreImageSample;
				PRODUCT_NAME = "$(TARGET_NAME)";
				SWIFT_VERSION = 4.0;
				TARGETED_DEVICE_FAMILY = "1,2";
			};
			name = Debug;
		};
		56689E751FDE1C750016D6A0 /* Release */ = {
			isa = XCBuildConfiguration;
			buildSettings = {
				ASSETCATALOG_COMPILER_APPICON_NAME = AppIcon;
				CODE_SIGN_STYLE = Automatic;
				DEVELOPMENT_TEAM = V723YSJ67H;
				FRAMEWORK_SEARCH_PATHS = (
					"$(inherited)",
					"$(PROJECT_DIR)/Carthage/Build/iOS",
				);
				INFOPLIST_FILE = "$(SRCROOT)/CoreImageSample/App/Info.plist";
				LD_RUNPATH_SEARCH_PATHS = "$(inherited) @executable_path/Frameworks";
				PRODUCT_BUNDLE_IDENTIFIER = net.ha1f.CoreImageSample;
				PRODUCT_NAME = "$(TARGET_NAME)";
				SWIFT_VERSION = 4.0;
				TARGETED_DEVICE_FAMILY = "1,2";
			};
			name = Release;
		};
		56689E771FDE1C750016D6A0 /* Debug */ = {
			isa = XCBuildConfiguration;
			buildSettings = {
				ALWAYS_EMBED_SWIFT_STANDARD_LIBRARIES = YES;
				BUNDLE_LOADER = "$(TEST_HOST)";
				CODE_SIGN_STYLE = Automatic;
				DEVELOPMENT_TEAM = V723YSJ67H;
				INFOPLIST_FILE = CoreImageSampleTests/Info.plist;
				LD_RUNPATH_SEARCH_PATHS = "$(inherited) @executable_path/Frameworks @loader_path/Frameworks";
				PRODUCT_BUNDLE_IDENTIFIER = net.ha1f.CoreImageSampleTests;
				PRODUCT_NAME = "$(TARGET_NAME)";
				SWIFT_VERSION = 4.0;
				TARGETED_DEVICE_FAMILY = "1,2";
				TEST_HOST = "$(BUILT_PRODUCTS_DIR)/CoreImageSample.app/CoreImageSample";
			};
			name = Debug;
		};
		56689E781FDE1C750016D6A0 /* Release */ = {
			isa = XCBuildConfiguration;
			buildSettings = {
				ALWAYS_EMBED_SWIFT_STANDARD_LIBRARIES = YES;
				BUNDLE_LOADER = "$(TEST_HOST)";
				CODE_SIGN_STYLE = Automatic;
				DEVELOPMENT_TEAM = V723YSJ67H;
				INFOPLIST_FILE = CoreImageSampleTests/Info.plist;
				LD_RUNPATH_SEARCH_PATHS = "$(inherited) @executable_path/Frameworks @loader_path/Frameworks";
				PRODUCT_BUNDLE_IDENTIFIER = net.ha1f.CoreImageSampleTests;
				PRODUCT_NAME = "$(TARGET_NAME)";
				SWIFT_VERSION = 4.0;
				TARGETED_DEVICE_FAMILY = "1,2";
				TEST_HOST = "$(BUILT_PRODUCTS_DIR)/CoreImageSample.app/CoreImageSample";
			};
			name = Release;
		};
/* End XCBuildConfiguration section */

/* Begin XCConfigurationList section */
		56689E511FDE1C750016D6A0 /* Build configuration list for PBXProject "CoreImageSample" */ = {
			isa = XCConfigurationList;
			buildConfigurations = (
				56689E711FDE1C750016D6A0 /* Debug */,
				56689E721FDE1C750016D6A0 /* Release */,
			);
			defaultConfigurationIsVisible = 0;
			defaultConfigurationName = Release;
		};
		56689E731FDE1C750016D6A0 /* Build configuration list for PBXNativeTarget "CoreImageSample" */ = {
			isa = XCConfigurationList;
			buildConfigurations = (
				56689E741FDE1C750016D6A0 /* Debug */,
				56689E751FDE1C750016D6A0 /* Release */,
			);
			defaultConfigurationIsVisible = 0;
			defaultConfigurationName = Release;
		};
		56689E761FDE1C750016D6A0 /* Build configuration list for PBXNativeTarget "CoreImageSampleTests" */ = {
			isa = XCConfigurationList;
			buildConfigurations = (
				56689E771FDE1C750016D6A0 /* Debug */,
				56689E781FDE1C750016D6A0 /* Release */,
			);
			defaultConfigurationIsVisible = 0;
			defaultConfigurationName = Release;
		};
/* End XCConfigurationList section */
	};
	rootObject = 56689E4E1FDE1C750016D6A0 /* Project object */;
}
